# THIS IS AN AUTOGENERATED FILE. DO NOT EDIT THIS FILE DIRECTLY.
# yarn lockfile v1


"@babel/helper-string-parser@^7.25.9":
  "integrity" "sha512-4A/SCr/2KLd5jrtOMFzaKjVtAei3+2r/NChoBNoZ3EyP/+GlhoaEGoWOZUmFmoITP7zOJyHIMm+DYRd8o3PvHA=="
  "resolved" "https://registry.npmmirror.com/@babel/helper-string-parser/-/helper-string-parser-7.25.9.tgz"
  "version" "7.25.9"

"@babel/helper-validator-identifier@^7.25.9":
  "integrity" "sha512-Ed61U6XJc3CVRfkERJWDz4dJwKe7iLmmJsbOGu9wSloNSFttHV0I8g6UAgb7qnK5ly5bGLPd4oXZlxCdANBOWQ=="
  "resolved" "https://registry.npmmirror.com/@babel/helper-validator-identifier/-/helper-validator-identifier-7.25.9.tgz"
  "version" "7.25.9"

"@babel/parser@^7.15.8", "@babel/parser@^7.25.3":
  "integrity" "sha512-81NWa1njQblgZbQHxWHpxxCzNsa3ZwvFqpUg7P+NNUU6f3UU2jBEg4OlF/J6rl8+PQGh1q6/zWScd001YwcA5A=="
  "resolved" "https://registry.npmmirror.com/@babel/parser/-/parser-7.26.9.tgz"
  "version" "7.26.9"
  dependencies:
    "@babel/types" "^7.26.9"

"@babel/types@^7.26.9":
  "integrity" "sha512-Y3IR1cRnOxOCDvMmNiym7XpXQ93iGDDPHx+Zj+NM+rg0fBaShfQLkg+hKPaZCEvg5N/LeCo4+Rj/i3FuJsIQaw=="
  "resolved" "https://registry.npmmirror.com/@babel/types/-/types-7.26.9.tgz"
  "version" "7.26.9"
  dependencies:
    "@babel/helper-string-parser" "^7.25.9"
    "@babel/helper-validator-identifier" "^7.25.9"

"@ctrl/tinycolor@^3.4.1":
  "integrity" "sha512-SITSV6aIXsuVNV3f3O0f2n/cgyEDWoSqtZMYiAmcsYHydcKrOz3gUxB/iXd/Qf08+IZX4KpgNbvUdMBmWz+kcA=="
  "resolved" "https://registry.npmmirror.com/@ctrl/tinycolor/-/tinycolor-3.6.1.tgz"
  "version" "3.6.1"

"@element-plus/icons-vue@^2.3.1":
  "integrity" "sha512-XxVUZv48RZAd87ucGS48jPf6pKu0yV5UCg9f4FFwtrYxXOwWuVJo6wOvSLKEoMQKjv8GsX/mhP6UsC1lRwbUWg=="
  "resolved" "https://registry.npmmirror.com/@element-plus/icons-vue/-/icons-vue-2.3.1.tgz"
  "version" "2.3.1"

"@esbuild/win32-x64@0.25.0":
  "integrity" "sha512-ZENoHJBxA20C2zFzh6AI4fT6RraMzjYw4xKWemRTRmRVtN9c5DcH9r/f2ihEkMjOW5eGgrwCslG/+Y/3bL+DHQ=="
  "resolved" "https://registry.npmmirror.com/@esbuild/win32-x64/-/win32-x64-0.25.0.tgz"
  "version" "0.25.0"

"@floating-ui/core@^1.6.0":
  "integrity" "sha512-uMXCuQ3BItDUbAMhIXw7UPXRfAlOAvZzdK9BWpE60MCn+Svt3aLn9jsPTi/WNGlRUu2uI0v5S7JiIUsbsvh3fw=="
  "resolved" "https://registry.npmmirror.com/@floating-ui/core/-/core-1.6.9.tgz"
  "version" "1.6.9"
  dependencies:
    "@floating-ui/utils" "^0.2.9"

"@floating-ui/dom@^1.0.1":
  "integrity" "sha512-umqzocjDgNRGTuO7Q8CU32dkHkECqI8ZdMZ5Swb6QAM0t5rnlrN3lGo1hdpscRd3WS8T6DKYK4ephgIH9iRh3w=="
  "resolved" "https://registry.npmmirror.com/@floating-ui/dom/-/dom-1.6.13.tgz"
  "version" "1.6.13"
  dependencies:
    "@floating-ui/core" "^1.6.0"
    "@floating-ui/utils" "^0.2.9"

"@floating-ui/utils@^0.2.9":
  "integrity" "sha512-MDWhGtE+eHw5JW7lq4qhc5yRLS11ERl1c7Z6Xd0a58DozHES6EnNNwUWbMiG4J9Cgj053Bhk8zvlhFYKVhULwg=="
  "resolved" "https://registry.npmmirror.com/@floating-ui/utils/-/utils-0.2.9.tgz"
  "version" "0.2.9"

"@heroicons/vue@^2.2.0":
  "integrity" "sha512-G3dbSxoeEKqbi/DFalhRxJU4mTXJn7GwZ7ae8NuEQzd1bqdd0jAbdaBZlHPcvPD2xI1iGzNVB4k20Un2AguYPw=="
  "resolved" "https://registry.npmmirror.com/@heroicons/vue/-/vue-2.2.0.tgz"
  "version" "2.2.0"

"@jridgewell/sourcemap-codec@^1.5.0":
  "integrity" "sha512-gv3ZRaISU3fjPAgNsriBRqGWQL6quFx04YMPW/zD8XMLsU32mhCCbfbO6KZFLjvYpCZ8zyDEgqsgf+PwPaM7GQ=="
  "resolved" "https://registry.npmmirror.com/@jridgewell/sourcemap-codec/-/sourcemap-codec-1.5.0.tgz"
  "version" "1.5.0"

"@popperjs/core@npm:@sxzz/popperjs-es@^2.11.7":
  "integrity" "sha512-Ccy0NlLkzr0Ex2FKvh2X+OyERHXJ88XJ1MXtsI9y9fGexlaXaVTPzBCRBwIxFkORuOb+uBqeu+RqnpgYTEZRUQ=="
  "resolved" "https://registry.npmmirror.com/@sxzz/popperjs-es/-/popperjs-es-2.11.7.tgz"
  "version" "2.11.7"

"@rollup/rollup-win32-x64-msvc@4.34.8":
  "integrity" "sha512-U0FaE5O1BCpZSeE6gBl3c5ObhePQSfk9vDRToMmTkbhCOgW4jqvtS5LGyQ76L1fH8sM0keRp4uDTsbjiUyjk0g=="
  "resolved" "https://registry.npmmirror.com/@rollup/rollup-win32-x64-msvc/-/rollup-win32-x64-msvc-4.34.8.tgz"
  "version" "4.34.8"

"@types/estree@^1.0.0", "@types/estree@1.0.6":
  "integrity" "sha512-AYnb1nQyY49te+VRAVgmzfcgjYS91mY5P0TKUDCLEM+gNnA+3T6rWITXRLYCpahpqSQbN5cE+gHpnPyXjHWxcw=="
  "resolved" "https://registry.npmmirror.com/@types/estree/-/estree-1.0.6.tgz"
  "version" "1.0.6"

"@types/howler@^2.2.12":
  "integrity" "sha512-hy769UICzOSdK0Kn1FBk4gN+lswcj1EKRkmiDtMkUGvFfYJzgaDXmVXkSShS2m89ERAatGIPnTUlp2HhfkVo5g=="
  "resolved" "https://registry.npmmirror.com/@types/howler/-/howler-2.2.12.tgz"
  "version" "2.2.12"

"@types/lodash-es@*", "@types/lodash-es@^4.17.6":
  "integrity" "sha512-0NgftHUcV4v34VhXm8QBSftKVXtbkBG3ViCjs6+eJ5a6y6Mi/jiFGPc1sC7QK+9BFhWrURE3EOggmWaSxL9OzQ=="
  "resolved" "https://registry.npmmirror.com/@types/lodash-es/-/lodash-es-4.17.12.tgz"
  "version" "4.17.12"
  dependencies:
    "@types/lodash" "*"

"@types/lodash@*", "@types/lodash@^4.14.182":
  "integrity" "sha512-w/P33JFeySuhN6JLkysYUK2gEmy9kHHFN7E8ro0tkfmlDOgxBDzWEZ/J8cWA+fHqFevpswDTFZnDx+R9lbL6xw=="
  "resolved" "https://registry.npmmirror.com/@types/lodash/-/lodash-4.17.15.tgz"
  "version" "4.17.15"

"@types/node@^18.0.0 || ^20.0.0 || >=22.0.0", "@types/node@^22.13.5":
  "integrity" "sha512-+lTU0PxZXn0Dr1NBtC7Y8cR21AJr87dLLU953CWA6pMxxv/UDc7jYAY90upcrie1nRcD6XNG5HOYEDtgW5TxAg=="
  "resolved" "https://registry.npmmirror.com/@types/node/-/node-22.13.5.tgz"
  "version" "22.13.5"
  dependencies:
    "undici-types" "~6.20.0"

"@types/web-bluetooth@^0.0.16":
  "integrity" "sha512-oh8q2Zc32S6gd/j50GowEjKLoOVOwHP/bWVjKJInBwQqdOYMdPrf1oVlelTlyfFK3CKxL1uahMDAr+vy8T7yMQ=="
  "resolved" "https://registry.npmmirror.com/@types/web-bluetooth/-/web-bluetooth-0.0.16.tgz"
  "version" "0.0.16"

"@vitejs/plugin-vue@^5.2.1":
  "integrity" "sha512-cxh314tzaWwOLqVes2gnnCtvBDcM1UMdn+iFR+UjAn411dPT3tOmqrJjbMd7koZpMAmBM/GqeV4n9ge7JSiJJQ=="
  "resolved" "https://registry.npmmirror.com/@vitejs/plugin-vue/-/plugin-vue-5.2.1.tgz"
  "version" "5.2.1"

"@volar/language-core@~2.4.11", "@volar/language-core@2.4.11":
  "integrity" "sha512-lN2C1+ByfW9/JRPpqScuZt/4OrUUse57GLI6TbLgTIqBVemdl1wNcZ1qYGEo2+Gw8coYLgCy7SuKqn6IrQcQgg=="
  "resolved" "https://registry.npmmirror.com/@volar/language-core/-/language-core-2.4.11.tgz"
  "version" "2.4.11"
  dependencies:
    "@volar/source-map" "2.4.11"

"@volar/source-map@2.4.11":
  "integrity" "sha512-ZQpmafIGvaZMn/8iuvCFGrW3smeqkq/IIh9F1SdSx9aUl0J4Iurzd6/FhmjNO5g2ejF3rT45dKskgXWiofqlZQ=="
  "resolved" "https://registry.npmmirror.com/@volar/source-map/-/source-map-2.4.11.tgz"
  "version" "2.4.11"

"@volar/typescript@~2.4.11":
  "integrity" "sha512-2DT+Tdh88Spp5PyPbqhyoYavYCPDsqbHLFwcUI9K1NlY1YgUJvujGdrqUp0zWxnW7KWNTr3xSpMuv2WnaTKDAw=="
  "resolved" "https://registry.npmmirror.com/@volar/typescript/-/typescript-2.4.11.tgz"
  "version" "2.4.11"
  dependencies:
    "@volar/language-core" "2.4.11"
    "path-browserify" "^1.0.1"
    "vscode-uri" "^3.0.8"

"@vue/compiler-core@3.5.13":
  "integrity" "sha512-oOdAkwqUfW1WqpwSYJce06wvt6HljgY3fGeM9NcVA1HaYOij3mZG9Rkysn0OHuyUAGMbEbARIpsG+LPVlBJ5/Q=="
  "resolved" "https://registry.npmmirror.com/@vue/compiler-core/-/compiler-core-3.5.13.tgz"
  "version" "3.5.13"
  dependencies:
    "@babel/parser" "^7.25.3"
    "@vue/shared" "3.5.13"
    "entities" "^4.5.0"
    "estree-walker" "^2.0.2"
    "source-map-js" "^1.2.0"

"@vue/compiler-dom@^3.5.0", "@vue/compiler-dom@3.5.13":
  "integrity" "sha512-ZOJ46sMOKUjO3e94wPdCzQ6P1Lx/vhp2RSvfaab88Ajexs0AHeV0uasYhi99WPaogmBlRHNRuly8xV75cNTMDA=="
  "resolved" "https://registry.npmmirror.com/@vue/compiler-dom/-/compiler-dom-3.5.13.tgz"
  "version" "3.5.13"
  dependencies:
    "@vue/compiler-core" "3.5.13"
    "@vue/shared" "3.5.13"

"@vue/compiler-sfc@3.5.13":
  "integrity" "sha512-6VdaljMpD82w6c2749Zhf5T9u5uLBWKnVue6XWxprDobftnletJ8+oel7sexFfM3qIxNmVE7LSFGTpv6obNyaQ=="
  "resolved" "https://registry.npmmirror.com/@vue/compiler-sfc/-/compiler-sfc-3.5.13.tgz"
  "version" "3.5.13"
  dependencies:
    "@babel/parser" "^7.25.3"
    "@vue/compiler-core" "3.5.13"
    "@vue/compiler-dom" "3.5.13"
    "@vue/compiler-ssr" "3.5.13"
    "@vue/shared" "3.5.13"
    "estree-walker" "^2.0.2"
    "magic-string" "^0.30.11"
    "postcss" "^8.4.48"
    "source-map-js" "^1.2.0"

"@vue/compiler-ssr@3.5.13":
  "integrity" "sha512-wMH6vrYHxQl/IybKJagqbquvxpWCuVYpoUJfCqFZwa/JY1GdATAQ+TgVtgrwwMZ0D07QhA99rs/EAAWfvG6KpA=="
  "resolved" "https://registry.npmmirror.com/@vue/compiler-ssr/-/compiler-ssr-3.5.13.tgz"
  "version" "3.5.13"
  dependencies:
    "@vue/compiler-dom" "3.5.13"
    "@vue/shared" "3.5.13"

"@vue/compiler-vue2@^2.7.16":
  "integrity" "sha512-qYC3Psj9S/mfu9uVi5WvNZIzq+xnXMhOwbTFKKDD7b1lhpnn71jXSFdTQ+WsIEk0ONCd7VV2IMm7ONl6tbQ86A=="
  "resolved" "https://registry.npmmirror.com/@vue/compiler-vue2/-/compiler-vue2-2.7.16.tgz"
  "version" "2.7.16"
  dependencies:
    "de-indent" "^1.0.2"
    "he" "^1.2.0"

"@vue/devtools-api@^7.7.2":
  "integrity" "sha512-1syn558KhyN+chO5SjlZIwJ8bV/bQ1nOVTG66t2RbG66ZGekyiYNmRO7X9BJCXQqPsFHlnksqvPhce2qpzxFnA=="
  "resolved" "https://registry.npmmirror.com/@vue/devtools-api/-/devtools-api-7.7.2.tgz"
  "version" "7.7.2"
  dependencies:
    "@vue/devtools-kit" "^7.7.2"

"@vue/devtools-kit@^7.7.2":
  "integrity" "sha512-CY0I1JH3Z8PECbn6k3TqM1Bk9ASWxeMtTCvZr7vb+CHi+X/QwQm5F1/fPagraamKMAHVfuuCbdcnNg1A4CYVWQ=="
  "resolved" "https://registry.npmmirror.com/@vue/devtools-kit/-/devtools-kit-7.7.2.tgz"
  "version" "7.7.2"
  dependencies:
    "@vue/devtools-shared" "^7.7.2"
    "birpc" "^0.2.19"
    "hookable" "^5.5.3"
    "mitt" "^3.0.1"
    "perfect-debounce" "^1.0.0"
    "speakingurl" "^14.0.1"
    "superjson" "^2.2.1"

"@vue/devtools-shared@^7.7.2":
  "integrity" "sha512-uBFxnp8gwW2vD6FrJB8JZLUzVb6PNRG0B0jBnHsOH8uKyva2qINY8PTF5Te4QlTbMDqU5K6qtJDr6cNsKWhbOA=="
  "resolved" "https://registry.npmmirror.com/@vue/devtools-shared/-/devtools-shared-7.7.2.tgz"
  "version" "7.7.2"
  dependencies:
    "rfdc" "^1.4.1"

"@vue/language-core@2.2.4":
  "integrity" "sha512-eGGdw7eWUwdIn9Fy/irJ7uavCGfgemuHQABgJ/hU1UgZFnbTg9VWeXvHQdhY+2SPQZWJqWXvRWIg67t4iWEa+Q=="
  "resolved" "https://registry.npmmirror.com/@vue/language-core/-/language-core-2.2.4.tgz"
  "version" "2.2.4"
  dependencies:
    "@volar/language-core" "~2.4.11"
    "@vue/compiler-dom" "^3.5.0"
    "@vue/compiler-vue2" "^2.7.16"
    "@vue/shared" "^3.5.0"
    "alien-signals" "^1.0.3"
    "minimatch" "^9.0.3"
    "muggle-string" "^0.4.1"
    "path-browserify" "^1.0.1"

"@vue/reactivity@3.5.13":
  "integrity" "sha512-NaCwtw8o48B9I6L1zl2p41OHo/2Z4wqYGGIK1Khu5T7yxrn+ATOixn/Udn2m+6kZKB/J7cuT9DbWWhRxqixACg=="
  "resolved" "https://registry.npmmirror.com/@vue/reactivity/-/reactivity-3.5.13.tgz"
  "version" "3.5.13"
  dependencies:
    "@vue/shared" "3.5.13"

"@vue/runtime-core@3.5.13":
  "integrity" "sha512-Fj4YRQ3Az0WTZw1sFe+QDb0aXCerigEpw418pw1HBUKFtnQHWzwojaukAs2X/c9DQz4MQ4bsXTGlcpGxU/RCIw=="
  "resolved" "https://registry.npmmirror.com/@vue/runtime-core/-/runtime-core-3.5.13.tgz"
  "version" "3.5.13"
  dependencies:
    "@vue/reactivity" "3.5.13"
    "@vue/shared" "3.5.13"

"@vue/runtime-dom@3.5.13":
  "integrity" "sha512-dLaj94s93NYLqjLiyFzVs9X6dWhTdAlEAciC3Moq7gzAc13VJUdCnjjRurNM6uTLFATRHexHCTu/Xp3eW6yoog=="
  "resolved" "https://registry.npmmirror.com/@vue/runtime-dom/-/runtime-dom-3.5.13.tgz"
  "version" "3.5.13"
  dependencies:
    "@vue/reactivity" "3.5.13"
    "@vue/runtime-core" "3.5.13"
    "@vue/shared" "3.5.13"
    "csstype" "^3.1.3"

"@vue/server-renderer@3.5.13":
  "integrity" "sha512-wAi4IRJV/2SAW3htkTlB+dHeRmpTiVIK1OGLWV1yeStVSebSQQOwGwIq0D3ZIoBj2C2qpgz5+vX9iEBkTdk5YA=="
  "resolved" "https://registry.npmmirror.com/@vue/server-renderer/-/server-renderer-3.5.13.tgz"
  "version" "3.5.13"
  dependencies:
    "@vue/compiler-ssr" "3.5.13"
    "@vue/shared" "3.5.13"

"@vue/shared@^3.5.0", "@vue/shared@3.5.13":
  "integrity" "sha512-/hnE/qP5ZoGpol0a5mDi45bOd7t3tjYJBjsgCsivow7D48cJeV5l05RD82lPqi7gRiphZM37rnhW1l6ZoCNNnQ=="
  "resolved" "https://registry.npmmirror.com/@vue/shared/-/shared-3.5.13.tgz"
  "version" "3.5.13"

"@vue/tsconfig@^0.7.0":
  "integrity" "sha512-ku2uNz5MaZ9IerPPUyOHzyjhXoX2kVJaVf7hL315DC17vS6IiZRmmCPfggNbU16QTvM80+uYYy3eYJB59WCtvg=="
  "resolved" "https://registry.npmmirror.com/@vue/tsconfig/-/tsconfig-0.7.0.tgz"
  "version" "0.7.0"

"@vueuse/core@*", "@vueuse/core@^9.1.0":
  "integrity" "sha512-pujnclbeHWxxPRqXWmdkKV5OX4Wk4YeK7wusHqRwU0Q7EFusHoqNA/aPhB6KCh9hEqJkLAJo7bb0Lh9b+OIVzw=="
  "resolved" "https://registry.npmmirror.com/@vueuse/core/-/core-9.13.0.tgz"
  "version" "9.13.0"
  dependencies:
    "@types/web-bluetooth" "^0.0.16"
    "@vueuse/metadata" "9.13.0"
    "@vueuse/shared" "9.13.0"
    "vue-demi" "*"

"@vueuse/metadata@9.13.0":
  "integrity" "sha512-gdU7TKNAUVlXXLbaF+ZCfte8BjRJQWPCa2J55+7/h+yDtzw3vOoGQDRXzI6pyKyo6bXFT5/QoPE4hAknExjRLQ=="
  "resolved" "https://registry.npmmirror.com/@vueuse/metadata/-/metadata-9.13.0.tgz"
  "version" "9.13.0"

"@vueuse/shared@9.13.0":
  "integrity" "sha512-UrnhU+Cnufu4S6JLCPZnkWh0WwZGUp72ktOF2DFptMlOs3TOdVv8xJN53zhHGARmVOsz5KqOls09+J1NR6sBKw=="
  "resolved" "https://registry.npmmirror.com/@vueuse/shared/-/shared-9.13.0.tgz"
  "version" "9.13.0"
  dependencies:
    "vue-demi" "*"

"acorn@^8.14.0":
  "integrity" "sha512-cl669nCJTZBsL97OF4kUQm5g5hC2uihk0NxY3WENAC0TYdILVkAyHymAntgxGkl7K+t0cXIrH5siy5S4XkFycA=="
  "resolved" "https://registry.npmmirror.com/acorn/-/acorn-8.14.0.tgz"
  "version" "8.14.0"

"alien-signals@^1.0.3":
  "integrity" "sha512-DJqqQD3XcsaQcQ1s+iE2jDUZmmQpXwHiR6fCAim/w87luaW+vmLY8fMlrdkmRwzaFXhkxf3rqPCR59tKVv1MDw=="
  "resolved" "https://registry.npmmirror.com/alien-signals/-/alien-signals-1.0.4.tgz"
  "version" "1.0.4"

"anymatch@~3.1.2":
  "integrity" "sha512-KMReFUr0B4t+D+OBkjR3KYqvocp2XaSzO55UcB6mgQMd3KbcE+mWTyvVV7D/zsdEbNnV6acZUutkiHQXvTr1Rw=="
  "resolved" "https://registry.npmmirror.com/anymatch/-/anymatch-3.1.3.tgz"
  "version" "3.1.3"
  dependencies:
    "normalize-path" "^3.0.0"
    "picomatch" "^2.0.4"

"async-validator@^4.2.5":
  "integrity" "sha512-7HhHjtERjqlNbZtqNqy2rckN/SpOOlmDliet+lP7k+eKZEjPk3DgyeU9lIXLdeLz0uBbbVp+9Qdow9wJWgwwfg=="
  "resolved" "https://registry.npmmirror.com/async-validator/-/async-validator-4.2.5.tgz"
  "version" "4.2.5"

"balanced-match@^1.0.0":
  "integrity" "sha512-3oSeUO0TMV67hN1AmbXsK4yaqU7tjiHlbxRDZOpH0KW9+CeX4bRAaX0Anxt0tx2MrpRpWwQaPwIlISEJhYU5Pw=="
  "resolved" "https://registry.npmmirror.com/balanced-match/-/balanced-match-1.0.2.tgz"
  "version" "1.0.2"

"binary-extensions@^2.0.0":
  "integrity" "sha512-Ceh+7ox5qe7LJuLHoY0feh3pHuUDHAcRUeyL2VYghZwfpkNIy/+8Ocg0a3UuSoYzavmylwuLWQOf3hl0jjMMIw=="
  "resolved" "https://registry.npmmirror.com/binary-extensions/-/binary-extensions-2.3.0.tgz"
  "version" "2.3.0"

"birpc@^0.2.19":
  "integrity" "sha512-5WeXXAvTmitV1RqJFppT5QtUiz2p1mRSYU000Jkft5ZUCLJIk4uQriYNO50HknxKwM6jd8utNc66K1qGIwwWBQ=="
  "resolved" "https://registry.npmmirror.com/birpc/-/birpc-0.2.19.tgz"
  "version" "0.2.19"

"brace-expansion@^2.0.1":
  "integrity" "sha512-XnAIvQ8eM+kC6aULx6wuQiwVsnzsi9d3WxzV3FpWTGA19F621kwdbsAcFKXgKUHZWsy+mY6iL1sHTxWEFCytDA=="
  "resolved" "https://registry.npmmirror.com/brace-expansion/-/brace-expansion-2.0.1.tgz"
  "version" "2.0.1"
  dependencies:
    "balanced-match" "^1.0.0"

"braces@~3.0.2":
  "integrity" "sha512-yQbXgO/OSZVD2IsiLlro+7Hf6Q18EJrKSEsdoMzKePKXct3gvD8oLcOQdIzGupr5Fj+EDe8gO/lxc1BzfMpxvA=="
  "resolved" "https://registry.npmmirror.com/braces/-/braces-3.0.3.tgz"
  "version" "3.0.3"
  dependencies:
    "fill-range" "^7.1.1"

"chokidar@^3.6.0":
  "integrity" "sha512-7VT13fmjotKpGipCW9JEQAusEPE+Ei8nl6/g4FBAmIm0GOOLMua9NDDo/DWp0ZAxCr3cPq5ZpBqmPAQgDda2Pw=="
  "resolved" "https://registry.npmmirror.com/chokidar/-/chokidar-3.6.0.tgz"
  "version" "3.6.0"
  dependencies:
    "anymatch" "~3.1.2"
    "braces" "~3.0.2"
    "glob-parent" "~5.1.2"
    "is-binary-path" "~2.1.0"
    "is-glob" "~4.0.1"
    "normalize-path" "~3.0.0"
    "readdirp" "~3.6.0"
  optionalDependencies:
    "fsevents" "~2.3.2"

"confbox@^0.1.8":
  "integrity" "sha512-RMtmw0iFkeR4YV+fUOSucriAQNb9g8zFR52MWCtl+cCZOFRNL6zeB395vPzFhEjjn4fMxXudmELnl/KF/WrK6w=="
  "resolved" "https://registry.npmmirror.com/confbox/-/confbox-0.1.8.tgz"
  "version" "0.1.8"

"copy-anything@^3.0.2":
  "integrity" "sha512-yCEafptTtb4bk7GLEQoM8KVJpxAfdBJYaXyzQEgQQQgYrZiDp8SJmGKlYza6CYjEDNstAdNdKA3UuoULlEbS6w=="
  "resolved" "https://registry.npmmirror.com/copy-anything/-/copy-anything-3.0.5.tgz"
  "version" "3.0.5"
  dependencies:
    "is-what" "^4.1.8"

"csstype@^3.1.3":
  "integrity" "sha512-M1uQkMl8rQK/szD0LNhtqxIPLpimGm8sOBwU7lLnCpSbTyY3yeU1Vc7l4KT5zT4s/yOxHH5O7tIuuLOCnLADRw=="
  "resolved" "https://registry.npmmirror.com/csstype/-/csstype-3.1.3.tgz"
  "version" "3.1.3"

"dayjs@^1.11.13":
  "integrity" "sha512-oaMBel6gjolK862uaPQOVTA7q3TZhuSvuMQAAglQDOWYO9A91IrAOUJEyKVlqJlHE0vq5p5UXxzdPfMH/x6xNg=="
  "resolved" "https://registry.npmmirror.com/dayjs/-/dayjs-1.11.13.tgz"
  "version" "1.11.13"

"de-indent@^1.0.2":
  "integrity" "sha512-e/1zu3xH5MQryN2zdVaF0OrdNLUbvWxzMbi+iNA6Bky7l1RoP8a2fIbRocyHclXt/arDrrR6lL3TqFD9pMQTsg=="
  "resolved" "https://registry.npmmirror.com/de-indent/-/de-indent-1.0.2.tgz"
  "version" "1.0.2"

"debug@^4.4.0":
  "integrity" "sha512-6WTZ/IxCY/T6BALoZHaE4ctp9xm+Z5kY/pzYaCHRFeyVhojxlrm+46y68HA6hr0TcwEssoxNiDEUJQjfPZ/RYA=="
  "resolved" "https://registry.npmmirror.com/debug/-/debug-4.4.0.tgz"
  "version" "4.4.0"
  dependencies:
    "ms" "^2.1.3"

"element-plus@^2.9.5":
  "integrity" "sha512-r+X79oogLbYq8p9L5f9fHSHhUFNM0AL72aikqiZVxSc2/08mK6m/PotiB9e/D90QmWTIHIaFnFmW65AcXmneig=="
  "resolved" "https://registry.npmmirror.com/element-plus/-/element-plus-2.9.5.tgz"
  "version" "2.9.5"
  dependencies:
    "@ctrl/tinycolor" "^3.4.1"
    "@element-plus/icons-vue" "^2.3.1"
    "@floating-ui/dom" "^1.0.1"
    "@popperjs/core" "npm:@sxzz/popperjs-es@^2.11.7"
    "@types/lodash" "^4.14.182"
    "@types/lodash-es" "^4.17.6"
    "@vueuse/core" "^9.1.0"
    "async-validator" "^4.2.5"
    "dayjs" "^1.11.13"
    "escape-html" "^1.0.3"
    "lodash" "^4.17.21"
    "lodash-es" "^4.17.21"
    "lodash-unified" "^1.0.2"
    "memoize-one" "^6.0.0"
    "normalize-wheel-es" "^1.2.0"

"entities@^4.5.0":
  "integrity" "sha512-V0hjH4dGPh9Ao5p0MoRY6BVqtwCjhz6vI5LT8AJ55H+4g9/4vbHx1I54fS0XuclLhDHArPQCiMjDxjaL8fPxhw=="
  "resolved" "https://registry.npmmirror.com/entities/-/entities-4.5.0.tgz"
  "version" "4.5.0"

"esbuild@^0.25.0":
  "integrity" "sha512-BXq5mqc8ltbaN34cDqWuYKyNhX8D/Z0J1xdtdQ8UcIIIyJyz+ZMKUt58tF3SrZ85jcfN/PZYhjR5uDQAYNVbuw=="
  "resolved" "https://registry.npmmirror.com/esbuild/-/esbuild-0.25.0.tgz"
  "version" "0.25.0"
  optionalDependencies:
    "@esbuild/aix-ppc64" "0.25.0"
    "@esbuild/android-arm" "0.25.0"
    "@esbuild/android-arm64" "0.25.0"
    "@esbuild/android-x64" "0.25.0"
    "@esbuild/darwin-arm64" "0.25.0"
    "@esbuild/darwin-x64" "0.25.0"
    "@esbuild/freebsd-arm64" "0.25.0"
    "@esbuild/freebsd-x64" "0.25.0"
    "@esbuild/linux-arm" "0.25.0"
    "@esbuild/linux-arm64" "0.25.0"
    "@esbuild/linux-ia32" "0.25.0"
    "@esbuild/linux-loong64" "0.25.0"
    "@esbuild/linux-mips64el" "0.25.0"
    "@esbuild/linux-ppc64" "0.25.0"
    "@esbuild/linux-riscv64" "0.25.0"
    "@esbuild/linux-s390x" "0.25.0"
    "@esbuild/linux-x64" "0.25.0"
    "@esbuild/netbsd-arm64" "0.25.0"
    "@esbuild/netbsd-x64" "0.25.0"
    "@esbuild/openbsd-arm64" "0.25.0"
    "@esbuild/openbsd-x64" "0.25.0"
    "@esbuild/sunos-x64" "0.25.0"
    "@esbuild/win32-arm64" "0.25.0"
    "@esbuild/win32-ia32" "0.25.0"
    "@esbuild/win32-x64" "0.25.0"

"escape-html@^1.0.3":
  "integrity" "sha512-NiSupZ4OeuGwr68lGIeym/ksIZMJodUGOSCZ/FSnTxcrekbvqrgdUxlJOMpijaKZVjAJrWrGs/6Jy8OMuyj9ow=="
  "resolved" "https://registry.npmmirror.com/escape-html/-/escape-html-1.0.3.tgz"
  "version" "1.0.3"

"escape-string-regexp@^5.0.0":
  "integrity" "sha512-/veY75JbMK4j1yjvuUxuVsiS/hr/4iHs9FTT6cgTexxdE0Ly/glccBAkloH/DofkjRbZU3bnoj38mOmhkZ0lHw=="
  "resolved" "https://registry.npmmirror.com/escape-string-regexp/-/escape-string-regexp-5.0.0.tgz"
  "version" "5.0.0"

"estree-walker@^2.0.2":
  "integrity" "sha512-Rfkk/Mp/DL7JVje3u18FxFujQlTNR2q6QfMSMB7AvCBx91NGj/ba3kCfza0f6dVDbw7YlRf/nDrn7pQrCCyQ/w=="
  "resolved" "https://registry.npmmirror.com/estree-walker/-/estree-walker-2.0.2.tgz"
  "version" "2.0.2"

"estree-walker@^3.0.3":
  "integrity" "sha512-7RUKfXgSMMkzt6ZuXmqapOurLGPPfgj6l9uRZ7lRGolvk0y2yocc35LdcxKC5PQZdn2DMqioAQ2NoWcrTKmm6g=="
  "resolved" "https://registry.npmmirror.com/estree-walker/-/estree-walker-3.0.3.tgz"
  "version" "3.0.3"
  dependencies:
    "@types/estree" "^1.0.0"

"fdir@^6.4.3":
  "integrity" "sha512-PMXmW2y1hDDfTSRc9gaXIuCCRpuoz3Kaz8cUelp3smouvfT632ozg2vrT6lJsHKKOF59YLbOGfAWGUcKEfRMQw=="
  "resolved" "https://registry.npmmirror.com/fdir/-/fdir-6.4.3.tgz"
  "version" "6.4.3"

"fill-range@^7.1.1":
  "integrity" "sha512-YsGpe3WHLK8ZYi4tWDg2Jy3ebRz2rXowDxnld4bkQB00cc/1Zw9AWnC0i9ztDJitivtQvaI9KaLyKrc+hBW0yg=="
  "resolved" "https://registry.npmmirror.com/fill-range/-/fill-range-7.1.1.tgz"
  "version" "7.1.1"
  dependencies:
    "to-regex-range" "^5.0.1"

"glob-parent@~5.1.2":
  "integrity" "sha512-AOIgSQCepiJYwP3ARnGx+5VnTu2HBYdzbGP45eLw1vr3zB3vZLeyed1sC9hnbcOc9/SrMyM5RPQrkGz4aS9Zow=="
  "resolved" "https://registry.npmmirror.com/glob-parent/-/glob-parent-5.1.2.tgz"
  "version" "5.1.2"
  dependencies:
    "is-glob" "^4.0.1"

"he@^1.2.0":
  "integrity" "sha512-F/1DnUGPopORZi0ni+CvrCgHQ5FyEAHRLSApuYWMmrbSwoN2Mn/7k+Gl38gJnR7yyDZk6WLXwiGod1JOWNDKGw=="
  "resolved" "https://registry.npmmirror.com/he/-/he-1.2.0.tgz"
  "version" "1.2.0"

"hookable@^5.5.3":
  "integrity" "sha512-Yc+BQe8SvoXH1643Qez1zqLRmbA5rCL+sSmk6TVos0LWVfNIB7PGncdlId77WzLGSIB5KaWgTaNTs2lNVEI6VQ=="
  "resolved" "https://registry.npmmirror.com/hookable/-/hookable-5.5.3.tgz"
  "version" "5.5.3"

"howler@^2.2.4":
  "integrity" "sha512-iARIBPgcQrwtEr+tALF+rapJ8qSc+Set2GJQl7xT1MQzWaVkFebdJhR3alVlSiUf5U7nAANKuj3aWpwerocD5w=="
  "resolved" "https://registry.npmmirror.com/howler/-/howler-2.2.4.tgz"
  "version" "2.2.4"

"is-binary-path@~2.1.0":
  "integrity" "sha512-ZMERYes6pDydyuGidse7OsHxtbI7WVeUEozgR/g7rd0xUimYNlvZRE/K2MgZTjWy725IfelLeVcEM97mmtRGXw=="
  "resolved" "https://registry.npmmirror.com/is-binary-path/-/is-binary-path-2.1.0.tgz"
  "version" "2.1.0"
  dependencies:
    "binary-extensions" "^2.0.0"

"is-extglob@^2.1.1":
  "integrity" "sha512-SbKbANkN603Vi4jEZv49LeVJMn4yGwsbzZworEoyEiutsN3nJYdbO36zfhGJ6QEDpOZIFkDtnq5JRxmvl3jsoQ=="
  "resolved" "https://registry.npmmirror.com/is-extglob/-/is-extglob-2.1.1.tgz"
  "version" "2.1.1"

"is-glob@^4.0.1", "is-glob@~4.0.1":
  "integrity" "sha512-xelSayHH36ZgE7ZWhli7pW34hNbNl8Ojv5KVmkJD4hBdD3th8Tfk9vYasLM+mXWOZhFkgZfxhLSnrwRr4elSSg=="
  "resolved" "https://registry.npmmirror.com/is-glob/-/is-glob-4.0.3.tgz"
  "version" "4.0.3"
  dependencies:
    "is-extglob" "^2.1.1"

"is-number@^7.0.0":
  "integrity" "sha512-41Cifkg6e8TylSpdtTpeLVMqvSBEVzTttHvERD741+pnZ8ANv0004MRL43QKPDlK9cGvNp6NZWZUBlbGXYxxng=="
  "resolved" "https://registry.npmmirror.com/is-number/-/is-number-7.0.0.tgz"
  "version" "7.0.0"

"is-what@^4.1.8":
  "integrity" "sha512-ZhMwEosbFJkA0YhFnNDgTM4ZxDRsS6HqTo7qsZM08fehyRYIYa0yHu5R6mgo1n/8MgaPBXiPimPD77baVFYg+A=="
  "resolved" "https://registry.npmmirror.com/is-what/-/is-what-4.1.16.tgz"
  "version" "4.1.16"

"js-tokens@^9.0.1":
  "integrity" "sha512-mxa9E9ITFOt0ban3j6L5MpjwegGz6lBQmM1IJkWeBZGcMxto50+eWdjC/52xDbS2vy0k7vIMK0Fe2wfL9OQSpQ=="
  "resolved" "https://registry.npmmirror.com/js-tokens/-/js-tokens-9.0.1.tgz"
  "version" "9.0.1"

"local-pkg@^1.0.0":
  "integrity" "sha512-xbZBuX6gYIWrlLmZG43aAVer4ocntYO09vPy9lxd6Ns8DnR4U7N+IIeDkubinqFOHHzoMlPxTxwo0jhE7oYjAw=="
  "resolved" "https://registry.npmmirror.com/local-pkg/-/local-pkg-1.1.0.tgz"
  "version" "1.1.0"
  dependencies:
    "mlly" "^1.7.4"
    "pkg-types" "^1.3.1"
    "quansync" "^0.2.1"

"lodash-es@*", "lodash-es@^4.17.21":
  "integrity" "sha512-mKnC+QJ9pWVzv+C4/U3rRsHapFfHvQFoFB92e52xeyGMcX6/OlIl78je1u8vePzYZSkkogMPJ2yjxxsb89cxyw=="
  "resolved" "https://registry.npmmirror.com/lodash-es/-/lodash-es-4.17.21.tgz"
  "version" "4.17.21"

"lodash-unified@^1.0.2":
  "integrity" "sha512-WK9qSozxXOD7ZJQlpSqOT+om2ZfcT4yO+03FuzAHD0wF6S0l0090LRPDx3vhTTLZ8cFKpBn+IOcVXK6qOcIlfQ=="
  "resolved" "https://registry.npmmirror.com/lodash-unified/-/lodash-unified-1.0.3.tgz"
  "version" "1.0.3"

"lodash@*", "lodash@^4.17.21":
  "integrity" "sha512-v2kDEe57lecTulaDIuNTPy3Ry4gLGJ6Z1O3vE1krgXZNrsQ+LFTGHVxVjcXPs17LhbZVGedAJv8XZ1tvj5FvSg=="
  "resolved" "https://registry.npmmirror.com/lodash/-/lodash-4.17.21.tgz"
  "version" "4.17.21"

"magic-string@^0.30.11", "magic-string@^0.30.17":
  "integrity" "sha512-sNPKHvyjVf7gyjwS4xGTaW/mCnF8wnjtifKBEhxfZ7E/S8tQ0rssrwGNn6q8JH/ohItJfSQp9mBtQYuTlH5QnA=="
  "resolved" "https://registry.npmmirror.com/magic-string/-/magic-string-0.30.17.tgz"
  "version" "0.30.17"
  dependencies:
    "@jridgewell/sourcemap-codec" "^1.5.0"

"memoize-one@^6.0.0":
  "integrity" "sha512-rkpe71W0N0c0Xz6QD0eJETuWAJGnJ9afsl1srmwPrI+yBCkge5EycXXbYRyvL29zZVUWQCY7InPRCv3GDXuZNw=="
  "resolved" "https://registry.npmmirror.com/memoize-one/-/memoize-one-6.0.0.tgz"
  "version" "6.0.0"

"minimatch@^9.0.3":
  "integrity" "sha512-G6T0ZX48xgozx7587koeX9Ys2NYy6Gmv//P89sEte9V9whIapMNF4idKxnW2QtCcLiTWlb/wfCabAtAFWhhBow=="
  "resolved" "https://registry.npmmirror.com/minimatch/-/minimatch-9.0.5.tgz"
  "version" "9.0.5"
  dependencies:
    "brace-expansion" "^2.0.1"

"mitt@^3.0.1":
  "integrity" "sha512-vKivATfr97l2/QBCYAkXYDbrIWPM2IIKEl7YPhjCvKlG3kE2gm+uBo6nEXK3M5/Ffh/FLpKExzOQ3JJoJGFKBw=="
  "resolved" "https://registry.npmmirror.com/mitt/-/mitt-3.0.1.tgz"
  "version" "3.0.1"

"mlly@^1.7.4":
  "integrity" "sha512-qmdSIPC4bDJXgZTCR7XosJiNKySV7O215tsPtDN9iEO/7q/76b/ijtgRu/+epFXSJhijtTCCGp3DWS549P3xKw=="
  "resolved" "https://registry.npmmirror.com/mlly/-/mlly-1.7.4.tgz"
  "version" "1.7.4"
  dependencies:
    "acorn" "^8.14.0"
    "pathe" "^2.0.1"
    "pkg-types" "^1.3.0"
    "ufo" "^1.5.4"

"ms@^2.1.3":
  "integrity" "sha512-6FlzubTLZG3J2a/NVCAleEhjzq5oxgHyaCU9yYXvcLsvoVaHJq/s5xXI6/XXP6tz7R9xAOtHnSO/tXtF3WRTlA=="
  "resolved" "https://registry.npmmirror.com/ms/-/ms-2.1.3.tgz"
  "version" "2.1.3"

"muggle-string@^0.4.1":
  "integrity" "sha512-VNTrAak/KhO2i8dqqnqnAHOa3cYBwXEZe9h+D5h/1ZqFSTEFHdM65lR7RoIqq3tBBYavsOXV84NoHXZ0AkPyqQ=="
  "resolved" "https://registry.npmmirror.com/muggle-string/-/muggle-string-0.4.1.tgz"
  "version" "0.4.1"

"nanoid@^3.3.8":
  "integrity" "sha512-WNLf5Sd8oZxOm+TzppcYk8gVOgP+l58xNy58D0nbUnOxOWRWvlcCV4kUF7ltmI6PsrLl/BgKEyS4mqsGChFN0w=="
  "resolved" "https://registry.npmmirror.com/nanoid/-/nanoid-3.3.8.tgz"
  "version" "3.3.8"

"normalize-path@^3.0.0", "normalize-path@~3.0.0":
  "integrity" "sha512-6eZs5Ls3WtCisHWp9S2GUy8dqkpGi4BVSz3GaqiE6ezub0512ESztXUwUB6C6IKbQkY2Pnb/mD4WYojCRwcwLA=="
  "resolved" "https://registry.npmmirror.com/normalize-path/-/normalize-path-3.0.0.tgz"
  "version" "3.0.0"

"normalize-wheel-es@^1.2.0":
  "integrity" "sha512-Wj7+EJQ8mSuXr2iWfnujrimU35R2W4FAErEyTmJoJ7ucwTn2hOUSsRehMb5RSYkxXGTM7Y9QpvPmp++w5ftoJw=="
  "resolved" "https://registry.npmmirror.com/normalize-wheel-es/-/normalize-wheel-es-1.2.0.tgz"
  "version" "1.2.0"

"ometa@0.2.2":
  "integrity" "sha512-LZuoK/yjU3FvrxPjUXUlZ1bavCfBPqauA7fsNdwi+AVhRdyk2IzgP3JRnevvjzQ6fKHdUw8YISshf53FmpHrng=="
  "resolved" "https://registry.npmmirror.com/ometa/-/ometa-0.2.2.tgz"
  "version" "0.2.2"

"path-browserify@^1.0.1":
  "integrity" "sha512-b7uo2UCUOYZcnF/3ID0lulOJi/bafxa1xPe7ZPsammBSpjSWQkjNxlt635YGS2MiR9GjvuXCtz2emr3jbsz98g=="
  "resolved" "https://registry.npmmirror.com/path-browserify/-/path-browserify-1.0.1.tgz"
  "version" "1.0.1"

"pathe@^2.0.1", "pathe@^2.0.2", "pathe@^2.0.3":
  "integrity" "sha512-WUjGcAqP1gQacoQe+OBJsFA7Ld4DyXuUIjZ5cc75cLHvJ7dtNsTugphxIADwspS+AraAUePCKrSVtPLFj/F88w=="
  "resolved" "https://registry.npmmirror.com/pathe/-/pathe-2.0.3.tgz"
  "version" "2.0.3"

"perfect-debounce@^1.0.0":
  "integrity" "sha512-xCy9V055GLEqoFaHoC1SoLIaLmWctgCUaBaWxDZ7/Zx4CTyX7cJQLJOok/orfjZAh9kEYpjJa4d0KcJmCbctZA=="
  "resolved" "https://registry.npmmirror.com/perfect-debounce/-/perfect-debounce-1.0.0.tgz"
  "version" "1.0.0"

"picocolors@^1.1.1":
  "integrity" "sha512-xceH2snhtb5M9liqDsmEw56le376mTZkEX/jEb/RxNFyegNul7eNslCXP9FDj/Lcu0X8KEyMceP2ntpaHrDEVA=="
  "resolved" "https://registry.npmmirror.com/picocolors/-/picocolors-1.1.1.tgz"
  "version" "1.1.1"

"picomatch@^2.0.4":
  "integrity" "sha512-JU3teHTNjmE2VCGFzuY8EXzCDVwEqB2a8fsIvwaStHhAWJEeVd1o1QD80CU6+ZdEXXSLbSsuLwJjkCBWqRQUVA=="
  "resolved" "https://registry.npmmirror.com/picomatch/-/picomatch-2.3.1.tgz"
  "version" "2.3.1"

"picomatch@^2.2.1":
  "integrity" "sha512-JU3teHTNjmE2VCGFzuY8EXzCDVwEqB2a8fsIvwaStHhAWJEeVd1o1QD80CU6+ZdEXXSLbSsuLwJjkCBWqRQUVA=="
  "resolved" "https://registry.npmmirror.com/picomatch/-/picomatch-2.3.1.tgz"
  "version" "2.3.1"

"picomatch@^3 || ^4", "picomatch@^4.0.2":
  "integrity" "sha512-M7BAV6Rlcy5u+m6oPhAPFgJTzAioX/6B0DxyvDlo9l8+T3nLKbrczg2WLUyzd45L8RqfUMyGPzekbMvX2Ldkwg=="
  "resolved" "https://registry.npmmirror.com/picomatch/-/picomatch-4.0.2.tgz"
  "version" "4.0.2"

"pinia@^3.0.1":
  "integrity" "sha512-WXglsDzztOTH6IfcJ99ltYZin2mY8XZCXujkYWVIJlBjqsP6ST7zw+Aarh63E1cDVYeyUcPCxPHzJpEOmzB6Wg=="
  "resolved" "https://registry.npmmirror.com/pinia/-/pinia-3.0.1.tgz"
  "version" "3.0.1"
  dependencies:
    "@vue/devtools-api" "^7.7.2"

"pkg-types@^1.3.0", "pkg-types@^1.3.1":
  "integrity" "sha512-/Jm5M4RvtBFVkKWRu2BLUTNP8/M2a+UwuAX+ae4770q1qVGtfjG+WTCupoZixokjmHiry8uI+dlY8KXYV5HVVQ=="
  "resolved" "https://registry.npmmirror.com/pkg-types/-/pkg-types-1.3.1.tgz"
  "version" "1.3.1"
  dependencies:
    "confbox" "^0.1.8"
    "mlly" "^1.7.4"
    "pathe" "^2.0.1"

"postcss@^8.4.48", "postcss@^8.5.3":
  "integrity" "sha512-dle9A3yYxlBSrt8Fu+IpjGT8SY8hN0mlaA6GY8t0P5PjIOZemULz/E2Bnm/2dcUOena75OTNkHI76uZBNUUq3A=="
  "resolved" "https://registry.npmmirror.com/postcss/-/postcss-8.5.3.tgz"
  "version" "8.5.3"
  dependencies:
    "nanoid" "^3.3.8"
    "picocolors" "^1.1.1"
    "source-map-js" "^1.2.1"

"quansync@^0.2.1":
  "integrity" "sha512-PrJjqc5Sn6Jv3vlIA9LQs0XdyhCTWrFddMgNP8mGyh3OiMh6ofOES4PRIApcfOZ0wLE2jJN+5/2eyOvzTv9tqw=="
  "resolved" "https://registry.npmmirror.com/quansync/-/quansync-0.2.2.tgz"
  "version" "0.2.2"

"readdirp@~3.6.0":
  "integrity" "sha512-hOS089on8RduqdbhvQ5Z37A0ESjsqz6qnRcffsMU3495FuTdqSm+7bhJ29JvIOsBDEEnan5DPu9t3To9VRlMzA=="
  "resolved" "https://registry.npmmirror.com/readdirp/-/readdirp-3.6.0.tgz"
  "version" "3.6.0"
  dependencies:
    "picomatch" "^2.2.1"

"rfdc@^1.4.1":
  "integrity" "sha512-q1b3N5QkRUWUl7iyylaaj3kOpIT0N2i9MqIEQXP73GVsN9cw3fdx8X63cEmWhJGi2PPCF23Ijp7ktmd39rawIA=="
  "resolved" "https://registry.npmmirror.com/rfdc/-/rfdc-1.4.1.tgz"
  "version" "1.4.1"

"rollup@^4.30.1":
  "integrity" "sha512-489gTVMzAYdiZHFVA/ig/iYFllCcWFHMvUHI1rpFmkoUtRlQxqh6/yiNqnYibjMZ2b/+FUQwldG+aLsEt6bglQ=="
  "resolved" "https://registry.npmmirror.com/rollup/-/rollup-4.34.8.tgz"
  "version" "4.34.8"
  dependencies:
    "@types/estree" "1.0.6"
  optionalDependencies:
    "@rollup/rollup-android-arm-eabi" "4.34.8"
    "@rollup/rollup-android-arm64" "4.34.8"
    "@rollup/rollup-darwin-arm64" "4.34.8"
    "@rollup/rollup-darwin-x64" "4.34.8"
    "@rollup/rollup-freebsd-arm64" "4.34.8"
    "@rollup/rollup-freebsd-x64" "4.34.8"
    "@rollup/rollup-linux-arm-gnueabihf" "4.34.8"
    "@rollup/rollup-linux-arm-musleabihf" "4.34.8"
    "@rollup/rollup-linux-arm64-gnu" "4.34.8"
    "@rollup/rollup-linux-arm64-musl" "4.34.8"
    "@rollup/rollup-linux-loongarch64-gnu" "4.34.8"
    "@rollup/rollup-linux-powerpc64le-gnu" "4.34.8"
    "@rollup/rollup-linux-riscv64-gnu" "4.34.8"
    "@rollup/rollup-linux-s390x-gnu" "4.34.8"
    "@rollup/rollup-linux-x64-gnu" "4.34.8"
    "@rollup/rollup-linux-x64-musl" "4.34.8"
    "@rollup/rollup-win32-arm64-msvc" "4.34.8"
    "@rollup/rollup-win32-ia32-msvc" "4.34.8"
    "@rollup/rollup-win32-x64-msvc" "4.34.8"
    "fsevents" "~2.3.2"

"scss@^0.2.4":
  "integrity" "sha512-4u8V87F+Q/upVhUmhPnB4C1R11xojkRkWjExL2v0CX2EXTg18VrKd+9JWoeyCp2VEMdSpJsyAvVU+rVjogh51A=="
  "resolved" "https://registry.npmmirror.com/scss/-/scss-0.2.4.tgz"
  "version" "0.2.4"
  dependencies:
    "ometa" "0.2.2"

"scule@^1.3.0":
  "integrity" "sha512-6FtHJEvt+pVMIB9IBY+IcCJ6Z5f1iQnytgyfKMhDKgmzYG+TeH/wx1y3l27rshSbLiSanrR9ffZDrEsmjlQF2g=="
  "resolved" "https://registry.npmmirror.com/scule/-/scule-1.3.0.tgz"
  "version" "1.3.0"

"source-map-js@^1.2.0", "source-map-js@^1.2.1":
  "integrity" "sha512-UXWMKhLOwVKb728IUtQPXxfYU+usdybtUrK/8uGE8CQMvrhOpwvzDBwj0QhSL7MQc7vIsISBG8VQ8+IDQxpfQA=="
  "resolved" "https://registry.npmmirror.com/source-map-js/-/source-map-js-1.2.1.tgz"
  "version" "1.2.1"

"speakingurl@^14.0.1":
  "integrity" "sha512-1POYv7uv2gXoyGFpBCmpDVSNV74IfsWlDW216UPjbWufNf+bSU6GdbDsxdcxtfwb4xlI3yxzOTKClUosxARYrQ=="
  "resolved" "https://registry.npmmirror.com/speakingurl/-/speakingurl-14.0.1.tgz"
  "version" "14.0.1"

"strip-literal@^3.0.0":
  "integrity" "sha512-TcccoMhJOM3OebGhSBEmp3UZ2SfDMZUEBdRA/9ynfLi8yYajyWX3JiXArcJt4Umh4vISpspkQIY8ZZoCqjbviA=="
  "resolved" "https://registry.npmmirror.com/strip-literal/-/strip-literal-3.0.0.tgz"
  "version" "3.0.0"
  dependencies:
    "js-tokens" "^9.0.1"

"superjson@^2.2.1":
  "integrity" "sha512-5JRxVqC8I8NuOUjzBbvVJAKNM8qoVuH0O77h4WInc/qC2q5IreqKxYwgkga3PfA22OayK2ikceb/B26dztPl+Q=="
  "resolved" "https://registry.npmmirror.com/superjson/-/superjson-2.2.2.tgz"
  "version" "2.2.2"
  dependencies:
    "copy-anything" "^3.0.2"

"tinyglobby@^0.2.11", "tinyglobby@^0.2.12":
  "integrity" "sha512-qkf4trmKSIiMTs/E63cxH+ojC2unam7rJ0WrauAzpT3ECNTxGRMlaXxVbfxMUC/w0LaYk6jQ4y/nGR9uBO3tww=="
  "resolved" "https://registry.npmmirror.com/tinyglobby/-/tinyglobby-0.2.12.tgz"
  "version" "0.2.12"
  dependencies:
    "fdir" "^6.4.3"
    "picomatch" "^4.0.2"

"to-regex-range@^5.0.1":
  "integrity" "sha512-65P7iz6X5yEr1cwcgvQxbbIw7Uk3gOy5dIdtZ4rDveLqhrdJP+Li/Hx6tyK0NEb+2GCyneCMJiGqrADCSNk8sQ=="
  "resolved" "https://registry.npmmirror.com/to-regex-range/-/to-regex-range-5.0.1.tgz"
  "version" "5.0.1"
  dependencies:
    "is-number" "^7.0.0"

"typescript@*", "typescript@>=4.4.4", "typescript@>=5.0.0", "typescript@~5.7.2", "typescript@5.x":
  "integrity" "sha512-84MVSjMEHP+FQRPy3pX9sTVV/INIex71s9TL2Gm5FG/WG1SqXeKyZ0k7/blY/4FdOzI12CBy1vGc4og/eus0fw=="
  "resolved" "https://registry.npmmirror.com/typescript/-/typescript-5.7.3.tgz"
  "version" "5.7.3"

"ufo@^1.5.4":
  "integrity" "sha512-UsUk3byDzKd04EyoZ7U4DOlxQaD14JUKQl6/P7wiX4FNvUfm3XL246n9W5AmqwW5RSFJ27NAuM0iLscAOYUiGQ=="
  "resolved" "https://registry.npmmirror.com/ufo/-/ufo-1.5.4.tgz"
  "version" "1.5.4"

"undici-types@~6.20.0":
  "integrity" "sha512-Ny6QZ2Nju20vw1SRHe3d9jVu6gJ+4e3+MMpqu7pqE5HT6WsTSlce++GQmK5UXS8mzV8DSYHrQH+Xrf2jVcuKNg=="
  "resolved" "https://registry.npmmirror.com/undici-types/-/undici-types-6.20.0.tgz"
  "version" "6.20.0"

"unimport@^4.1.2":
  "integrity" "sha512-oVUL7PSlyVV3QRhsdcyYEMaDX8HJyS/CnUonEJTYA3//bWO+o/4gG8F7auGWWWkrrxBQBYOO8DKe+C53ktpRXw=="
  "resolved" "https://registry.npmmirror.com/unimport/-/unimport-4.1.2.tgz"
  "version" "4.1.2"
  dependencies:
    "acorn" "^8.14.0"
    "escape-string-regexp" "^5.0.0"
    "estree-walker" "^3.0.3"
    "local-pkg" "^1.0.0"
    "magic-string" "^0.30.17"
    "mlly" "^1.7.4"
    "pathe" "^2.0.3"
    "picomatch" "^4.0.2"
    "pkg-types" "^1.3.1"
    "scule" "^1.3.0"
    "strip-literal" "^3.0.0"
    "tinyglobby" "^0.2.11"
    "unplugin" "^2.2.0"
    "unplugin-utils" "^0.2.4"

"unplugin-auto-import@^19.1.1":
  "integrity" "sha512-sCGZZrSR1Bc8RfN8Q0RUDxXtC20rdAt7UB4lDyq8MNtKVHiXXh+5af6Nz4JRp9Q+7HjnbgQfQox0TkEymjdUAQ=="
  "resolved" "https://registry.npmmirror.com/unplugin-auto-import/-/unplugin-auto-import-19.1.1.tgz"
  "version" "19.1.1"
  dependencies:
    "local-pkg" "^1.0.0"
    "magic-string" "^0.30.17"
    "picomatch" "^4.0.2"
    "unimport" "^4.1.2"
    "unplugin" "^2.2.0"
    "unplugin-utils" "^0.2.4"

"unplugin-utils@^0.2.4":
  "integrity" "sha512-8U/MtpkPkkk3Atewj1+RcKIjb5WBimZ/WSLhhR3w6SsIj8XJuKTacSP8g+2JhfSGw0Cb125Y+2zA/IzJZDVbhA=="
  "resolved" "https://registry.npmmirror.com/unplugin-utils/-/unplugin-utils-0.2.4.tgz"
  "version" "0.2.4"
  dependencies:
    "pathe" "^2.0.2"
    "picomatch" "^4.0.2"

"unplugin-vue-components@^28.4.1":
  "integrity" "sha512-niGSc0vJD9ueAnsqcfAldmtpkppZ09B6p2G1dL7X5S8KPdgbk1P+txPwaaDCe7N+eZh2VG1aAypLXkuJs3OSUg=="
  "resolved" "https://registry.npmmirror.com/unplugin-vue-components/-/unplugin-vue-components-28.4.1.tgz"
  "version" "28.4.1"
  dependencies:
    "chokidar" "^3.6.0"
    "debug" "^4.4.0"
    "local-pkg" "^1.0.0"
    "magic-string" "^0.30.17"
    "mlly" "^1.7.4"
    "tinyglobby" "^0.2.12"
    "unplugin" "^2.2.0"
    "unplugin-utils" "^0.2.4"

"unplugin@^2.2.0":
  "integrity" "sha512-m1ekpSwuOT5hxkJeZGRxO7gXbXT3gF26NjQ7GdVHoLoF8/nopLcd/QfPigpCy7i51oFHiRJg/CyHhj4vs2+KGw=="
  "resolved" "https://registry.npmmirror.com/unplugin/-/unplugin-2.2.0.tgz"
  "version" "2.2.0"
  dependencies:
    "acorn" "^8.14.0"
    "webpack-virtual-modules" "^0.6.2"

"vite@^5.0.0 || ^6.0.0", "vite@^6.2.0":
  "integrity" "sha512-7dPxoo+WsT/64rDcwoOjk76XHj+TqNTIvHKcuMQ1k4/SeHDaQt5GFAeLYzrimZrMpn/O6DtdI03WUjdxuPM0oQ=="
  "resolved" "https://registry.npmmirror.com/vite/-/vite-6.2.0.tgz"
  "version" "6.2.0"
  dependencies:
    "esbuild" "^0.25.0"
    "postcss" "^8.5.3"
    "rollup" "^4.30.1"
  optionalDependencies:
    "fsevents" "~2.3.3"

"vscode-uri@^3.0.8":
  "integrity" "sha512-/BpdSx+yCQGnCvecbyXdxHDkuk55/G3xwnC0GqY4gmQ3j+A+g8kzzgB4Nk/SINjqn6+waqw3EgbVF2QKExkRxQ=="
  "resolved" "https://registry.npmmirror.com/vscode-uri/-/vscode-uri-3.1.0.tgz"
  "version" "3.1.0"

"vue-demi@*":
  "integrity" "sha512-nMZBOwuzabUO0nLgIcc6rycZEebF6eeUfaiQx9+WSk8e29IbLvPU9feI6tqW4kTo3hvoYAJkMh8n8D0fuISphg=="
  "resolved" "https://registry.npmmirror.com/vue-demi/-/vue-demi-0.14.10.tgz"
  "version" "0.14.10"

"vue-tsc@^2.2.4":
  "integrity" "sha512-3EVHlxtpMXcb5bCaK7QDFTbEkMusDfVk0HVRrkv5hEb+Clpu9a96lKUXJAeD/akRlkoA4H8MCHgBDN19S6FnzA=="
  "resolved" "https://registry.npmmirror.com/vue-tsc/-/vue-tsc-2.2.4.tgz"
  "version" "2.2.4"
  dependencies:
    "@volar/typescript" "~2.4.11"
    "@vue/language-core" "2.2.4"

"vue@^2.7.0 || ^3.5.11", "vue@^3.0.0-0 || ^2.6.0", "vue@^3.2.0", "vue@^3.2.25", "vue@^3.4.0", "vue@^3.5.13", "vue@>= 3", "vue@2 || 3", "vue@3.5.13":
  "integrity" "sha512-wmeiSMxkZCSc+PM2w2VRsOYAZC8GdipNFRTsLSfodVqI9mbejKeXEGr8SckuLnrQPGe3oJN5c3K0vpoU9q/wCQ=="
  "resolved" "https://registry.npmmirror.com/vue/-/vue-3.5.13.tgz"
  "version" "3.5.13"
  dependencies:
    "@vue/compiler-dom" "3.5.13"
    "@vue/compiler-sfc" "3.5.13"
    "@vue/runtime-dom" "3.5.13"
    "@vue/server-renderer" "3.5.13"
    "@vue/shared" "3.5.13"

"webpack-virtual-modules@^0.6.2":
  "integrity" "sha512-66/V2i5hQanC51vBQKPH4aI8NMAcBW59FVBs+rC7eGHupMyfn34q7rZIE+ETlJ+XTevqfUhVVBgSUNSW2flEUQ=="
  "resolved" "https://registry.npmmirror.com/webpack-virtual-modules/-/webpack-virtual-modules-0.6.2.tgz"
  "version" "0.6.2"
